// !$*UTF8*$!
{
	archiveVersion = 1;
	classes = {
	};
	objectVersion = 46;
	objects = {

/* Begin PBXBuildFile section */
		18CFB7A41F3D96A1007145D9 /* AppDelegate.swift in Sources */ = {isa = PBXBuildFile; fileRef = 18CFB7A31F3D96A1007145D9 /* AppDelegate.swift */; };
		18CFB7A61F3D96A1007145D9 /* ViewController.swift in Sources */ = {isa = PBXBuildFile; fileRef = 18CFB7A51F3D96A1007145D9 /* ViewController.swift */; };
		18CFB7A91F3D96A1007145D9 /* Main.storyboard in Resources */ = {isa = PBXBuildFile; fileRef = 18CFB7A71F3D96A1007145D9 /* Main.storyboard */; };
		18CFB7AB1F3D96A1007145D9 /* Assets.xcassets in Resources */ = {isa = PBXBuildFile; fileRef = 18CFB7AA1F3D96A1007145D9 /* Assets.xcassets */; };
		18CFB7AE1F3D96A1007145D9 /* LaunchScreen.storyboard in Resources */ = {isa = PBXBuildFile; fileRef = 18CFB7AC1F3D96A1007145D9 /* LaunchScreen.storyboard */; };
		18CFB7B61F3D96AD007145D9 /* ChooseDatesController.swift in Sources */ = {isa = PBXBuildFile; fileRef = 18CFB7B51F3D96AD007145D9 /* ChooseDatesController.swift */; };
		18CFB7B81F3DA2A6007145D9 /* EZTextField.swift in Sources */ = {isa = PBXBuildFile; fileRef = 18CFB7B71F3DA2A6007145D9 /* EZTextField.swift */; };
		18CFB7BA1F3DA2BE007145D9 /* EZButton.swift in Sources */ = {isa = PBXBuildFile; fileRef = 18CFB7B91F3DA2BE007145D9 /* EZButton.swift */; };
		18CFB7BC1F3DA349007145D9 /* UIAppExtensions.swift in Sources */ = {isa = PBXBuildFile; fileRef = 18CFB7BB1F3DA349007145D9 /* UIAppExtensions.swift */; };
/* End PBXBuildFile section */

/* Begin PBXFileReference section */
		18CFB7A01F3D96A1007145D9 /* StartDateEndDatePicker.app */ = {isa = PBXFileReference; explicitFileType = wrapper.application; includeInIndex = 0; path = StartDateEndDatePicker.app; sourceTree = BUILT_PRODUCTS_DIR; };
		18CFB7A31F3D96A1007145D9 /* AppDelegate.swift */ = {isa = PBXFileReference; lastKnownFileType = sourcecode.swift; path = AppDelegate.swift; sourceTree = "<group>"; };
		18CFB7A51F3D96A1007145D9 /* ViewController.swift */ = {isa = PBXFileReference; lastKnownFileType = sourcecode.swift; path = ViewController.swift; sourceTree = "<group>"; };
		18CFB7A81F3D96A1007145D9 /* Base */ = {isa = PBXFileReference; lastKnownFileType = file.storyboard; name = Base; path = Base.lproj/Main.storyboard; sourceTree = "<group>"; };
		18CFB7AA1F3D96A1007145D9 /* Assets.xcassets */ = {isa = PBXFileReference; lastKnownFileType = folder.assetcatalog; path = Assets.xcassets; sourceTree = "<group>"; };
		18CFB7AD1F3D96A1007145D9 /* Base */ = {isa = PBXFileReference; lastKnownFileType = file.storyboard; name = Base; path = Base.lproj/LaunchScreen.storyboard; sourceTree = "<group>"; };
		18CFB7AF1F3D96A1007145D9 /* Info.plist */ = {isa = PBXFileReference; lastKnownFileType = text.plist.xml; path = Info.plist; sourceTree = "<group>"; };
		18CFB7B51F3D96AD007145D9 /* ChooseDatesController.swift */ = {isa = PBXFileReference; fileEncoding = 4; lastKnownFileType = sourcecode.swift; path = ChooseDatesController.swift; sourceTree = "<group>"; };
		18CFB7B71F3DA2A6007145D9 /* EZTextField.swift */ = {isa = PBXFileReference; fileEncoding = 4; lastKnownFileType = sourcecode.swift; path = EZTextField.swift; sourceTree = "<group>"; };
		18CFB7B91F3DA2BE007145D9 /* EZButton.swift */ = {isa = PBXFileReference; fileEncoding = 4; lastKnownFileType = sourcecode.swift; path = EZButton.swift; sourceTree = "<group>"; };
		18CFB7BB1F3DA349007145D9 /* UIAppExtensions.swift */ = {isa = PBXFileReference; fileEncoding = 4; lastKnownFileType = sourcecode.swift; path = UIAppExtensions.swift; sourceTree = "<group>"; };
/* End PBXFileReference section */

/* Begin PBXFrameworksBuildPhase section */
		18CFB79D1F3D96A1007145D9 /* Frameworks */ = {
			isa = PBXFrameworksBuildPhase;
			buildActionMask = 2147483647;
			files = (
			);
			runOnlyForDeploymentPostprocessing = 0;
		};
/* End PBXFrameworksBuildPhase section */

/* Begin PBXGroup section */
		18CFB7971F3D96A1007145D9 = {
			isa = PBXGroup;
			children = (
				18CFB7A21F3D96A1007145D9 /* StartDateEndDatePicker */,
				18CFB7A11F3D96A1007145D9 /* Products */,
			);
			sourceTree = "<group>";
		};
		18CFB7A11F3D96A1007145D9 /* Products */ = {
			isa = PBXGroup;
			children = (
				18CFB7A01F3D96A1007145D9 /* StartDateEndDatePicker.app */,
			);
			name = Products;
			sourceTree = "<group>";
		};
		18CFB7A21F3D96A1007145D9 /* StartDateEndDatePicker */ = {
			isa = PBXGroup;
			children = (
				18CFB7A31F3D96A1007145D9 /* AppDelegate.swift */,
				18CFB7C21F3DB193007145D9 /* Helper */,
				18CFB7BF1F3DB167007145D9 /* CustomUIElement */,
				18CFB7C01F3DB17A007145D9 /* Controller */,
				18CFB7C11F3DB181007145D9 /* View */,
				18CFB7AA1F3D96A1007145D9 /* Assets.xcassets */,
				18CFB7AF1F3D96A1007145D9 /* Info.plist */,
			);
			path = StartDateEndDatePicker;
			sourceTree = "<group>";
		};
		18CFB7BF1F3DB167007145D9 /* CustomUIElement */ = {
			isa = PBXGroup;
			children = (
				18CFB7B71F3DA2A6007145D9 /* EZTextField.swift */,
				18CFB7B91F3DA2BE007145D9 /* EZButton.swift */,
			);
			name = CustomUIElement;
			sourceTree = "<group>";
		};
		18CFB7C01F3DB17A007145D9 /* Controller */ = {
			isa = PBXGroup;
			children = (
				18CFB7A51F3D96A1007145D9 /* ViewController.swift */,
			);
			name = Controller;
			sourceTree = "<group>";
		};
		18CFB7C11F3DB181007145D9 /* View */ = {
			isa = PBXGroup;
			children = (
				18CFB7AC1F3D96A1007145D9 /* LaunchScreen.storyboard */,
				18CFB7A71F3D96A1007145D9 /* Main.storyboard */,
			);
			name = View;
			sourceTree = "<group>";
		};
		18CFB7C21F3DB193007145D9 /* Helper */ = {
			isa = PBXGroup;
			children = (
				18CFB7B51F3D96AD007145D9 /* ChooseDatesController.swift */,
				18CFB7BB1F3DA349007145D9 /* UIAppExtensions.swift */,
			);
			name = Helper;
			sourceTree = "<group>";
		};
/* End PBXGroup section */

/* Begin PBXNativeTarget section */
		18CFB79F1F3D96A1007145D9 /* StartDateEndDatePicker */ = {
			isa = PBXNativeTarget;
			buildConfigurationList = 18CFB7B21F3D96A1007145D9 /* Build configuration list for PBXNativeTarget "StartDateEndDatePicker" */;
			buildPhases = (
				18CFB79C1F3D96A1007145D9 /* Sources */,
				18CFB79D1F3D96A1007145D9 /* Frameworks */,
				18CFB79E1F3D96A1007145D9 /* Resources */,
			);
			buildRules = (
			);
			dependencies = (
			);
			name = StartDateEndDatePicker;
			productName = StartDateEndDatePicker;
			productReference = 18CFB7A01F3D96A1007145D9 /* StartDateEndDatePicker.app */;
			productType = "com.apple.product-type.application";
		};
/* End PBXNativeTarget section */

/* Begin PBXProject section */
		18CFB7981F3D96A1007145D9 /* Project object */ = {
			isa = PBXProject;
			attributes = {
				LastSwiftUpdateCheck = 0830;
				LastUpgradeCheck = 0830;
				ORGANIZATIONNAME = apple;
				TargetAttributes = {
					18CFB79F1F3D96A1007145D9 = {
						CreatedOnToolsVersion = 8.3.2;
						ProvisioningStyle = Automatic;
					};
				};
			};
			buildConfigurationList = 18CFB79B1F3D96A1007145D9 /* Build configuration list for PBXProject "StartDateEndDatePicker" */;
			compatibilityVersion = "Xcode 3.2";
			developmentRegion = English;
			hasScannedForEncodings = 0;
			knownRegions = (
				en,
				Base,
			);
			mainGroup = 18CFB7971F3D96A1007145D9;
			productRefGroup = 18CFB7A11F3D96A1007145D9 /* Products */;
			projectDirPath = "";
			projectRoot = "";
			targets = (
				18CFB79F1F3D96A1007145D9 /* StartDateEndDatePicker */,
			);
		};
/* End PBXProject section */

/* Begin PBXResourcesBuildPhase section */
		18CFB79E1F3D96A1007145D9 /* Resources */ = {
			isa = PBXResourcesBuildPhase;
			buildActionMask = 2147483647;
			files = (
				18CFB7AE1F3D96A1007145D9 /* LaunchScreen.storyboard in Resources */,
				18CFB7AB1F3D96A1007145D9 /* Assets.xcassets in Resources */,
				18CFB7A91F3D96A1007145D9 /* Main.storyboard in Resources */,
			);
			runOnlyForDeploymentPostprocessing = 0;
		};
/* End PBXResourcesBuildPhase section */

/* Begin PBXSourcesBuildPhase section */
		18CFB79C1F3D96A1007145D9 /* Sources */ = {
			isa = PBXSourcesBuildPhase;
			buildActionMask = 2147483647;
			files = (
				18CFB7B81F3DA2A6007145D9 /* EZTextField.swift in Sources */,
				18CFB7BC1F3DA349007145D9 /* UIAppExtensions.swift in Sources */,
				18CFB7A61F3D96A1007145D9 /* ViewController.swift in Sources */,
				18CFB7A41F3D96A1007145D9 /* AppDelegate.swift in Sources */,
				18CFB7BA1F3DA2BE007145D9 /* EZButton.swift in Sources */,
				18CFB7B61F3D96AD007145D9 /* ChooseDatesController.swift in Sources */,
			);
			runOnlyForDeploymentPostprocessing = 0;
		};
/* End PBXSourcesBuildPhase section */

/* Begin PBXVariantGroup section */
		18CFB7A71F3D96A1007145D9 /* Main.storyboard */ = {
			isa = PBXVariantGroup;
			children = (
				18CFB7A81F3D96A1007145D9 /* Base */,
			);
			name = Main.storyboard;
			sourceTree = "<group>";
		};
		18CFB7AC1F3D96A1007145D9 /* LaunchScreen.storyboard */ = {
			isa = PBXVariantGroup;
			children = (
				18CFB7AD1F3D96A1007145D9 /* Base */,
			);
			name = LaunchScreen.storyboard;
			sourceTree = "<group>";
		};
/* End PBXVariantGroup section */

/* Begin XCBuildConfiguration section */
		18CFB7B01F3D96A1007145D9 /* Debug */ = {
			isa = XCBuildConfiguration;
			buildSettings = {
				ALWAYS_SEARCH_USER_PATHS = NO;
				CLANG_ANALYZER_NONNULL = YES;
				CLANG_ANALYZER_NUMBER_OBJECT_CONVERSION = YES_AGGRESSIVE;
				CLANG_CXX_LANGUAGE_STANDARD = "gnu++0x";
				CLANG_CXX_LIBRARY = "libc++";
				CLANG_ENABLE_MODULES = YES;
				CLANG_ENABLE_OBJC_ARC = YES;
				CLANG_WARN_BOOL_CONVERSION = YES;
				CLANG_WARN_CONSTANT_CONVERSION = YES;
				CLANG_WARN_DIRECT_OBJC_ISA_USAGE = YES_ERROR;
				CLANG_WARN_DOCUMENTATION_COMMENTS = YES;
				CLANG_WARN_EMPTY_BODY = YES;
				CLANG_WARN_ENUM_CONVERSION = YES;
				CLANG_WARN_INFINITE_RECURSION = YES;
				CLANG_WARN_INT_CONVERSION = YES;
				CLANG_WARN_OBJC_ROOT_CLASS = YES_ERROR;
				CLANG_WARN_SUSPICIOUS_MOVE = YES;
				CLANG_WARN_UNREACHABLE_CODE = YES;
				CLANG_WARN__DUPLICATE_METHOD_MATCH = YES;
				"CODE_SIGN_IDENTITY[sdk=iphoneos*]" = "iPhone Developer";
				COPY_PHASE_STRIP = NO;
				DEBUG_INFORMATION_FORMAT = dwarf;
				ENABLE_STRICT_OBJC_MSGSEND = YES;
				ENABLE_TESTABILITY = YES;
				GCC_C_LANGUAGE_STANDARD = gnu99;
				GCC_DYNAMIC_NO_PIC = NO;
				GCC_NO_COMMON_BLOCKS = YES;
				GCC_OPTIMIZATION_LEVEL = 0;
				GCC_PREPROCESSOR_DEFINITIONS = (
					"DEBUG=1",
					"$(inherited)",
				);
				GCC_WARN_64_TO_32_BIT_CONVERSION = YES;
				GCC_WARN_ABOUT_RETURN_TYPE = YES_ERROR;
				GCC_WARN_UNDECLARED_SELECTOR = YES;
				GCC_WARN_UNINITIALIZED_AUTOS = YES_AGGRESSIVE;
				GCC_WARN_UNUSED_FUNCTION = YES;
				GCC_WARN_UNUSED_VARIABLE = YES;
				IPHONEOS_DEPLOYMENT_TARGET = 10.3;
				MTL_ENABLE_DEBUG_INFO = YES;
				ONLY_ACTIVE_ARCH = YES;
				SDKROOT = iphoneos;
				SWIFT_ACTIVE_COMPILATION_CONDITIONS = DEBUG;
				SWIFT_OPTIMIZATION_LEVEL = "-Onone";
			};
			name = Debug;
		};
		18CFB7B11F3D96A1007145D9 /* Release */ = {
			isa = XCBuildConfiguration;
			buildSettings = {
				ALWAYS_SEARCH_USER_PATHS = NO;
				CLANG_ANALYZER_NONNULL = YES;
				CLANG_ANALYZER_NUMBER_OBJECT_CONVERSION = YES_AGGRESSIVE;
				CLANG_CXX_LANGUAGE_STANDARD = "gnu++0x";
				CLANG_CXX_LIBRARY = "libc++";
				CLANG_ENABLE_MODULES = YES;
				CLANG_ENABLE_OBJC_ARC = YES;
				CLANG_WARN_BOOL_CONVERSION = YES;
				CLANG_WARN_CONSTANT_CONVERSION = YES;
				CLANG_WARN_DIRECT_OBJC_ISA_USAGE = YES_ERROR;
				CLANG_WARN_DOCUMENTATION_COMMENTS = YES;
				CLANG_WARN_EMPTY_BODY = YES;
				CLANG_WARN_ENUM_CONVERSION = YES;
				CLANG_WARN_INFINITE_RECURSION = YES;
				CLANG_WARN_INT_CONVERSION = YES;
				CLANG_WARN_OBJC_ROOT_CLASS = YES_ERROR;
				CLANG_WARN_SUSPICIOUS_MOVE = YES;
				CLANG_WARN_UNREACHABLE_CODE = YES;
				CLANG_WARN__DUPLICATE_METHOD_MATCH = YES;
				"CODE_SIGN_IDENTITY[sdk=iphoneos*]" = "iPhone Developer";
				COPY_PHASE_STRIP = NO;
				DEBUG_INFORMATION_FORMAT = "dwarf-with-dsym";
				ENABLE_NS_ASSERTIONS = NO;
				ENABLE_STRICT_OBJC_MSGSEND = YES;
				GCC_C_LANGUAGE_STANDARD = gnu99;
				GCC_NO_COMMON_BLOCKS = YES;
				GCC_WARN_64_TO_32_BIT_CONVERSION = YES;
				GCC_WARN_ABOUT_RETURN_TYPE = YES_ERROR;
				GCC_WARN_UNDECLARED_SELECTOR = YES;
				GCC_WARN_UNINITIALIZED_AUTOS = YES_AGGRESSIVE;
				GCC_WARN_UNUSED_FUNCTION = YES;
				GCC_WARN_UNUSED_VARIABLE = YES;
				IPHONEOS_DEPLOYMENT_TARGET = 10.3;
				MTL_ENABLE_DEBUG_INFO = NO;
				SDKROOT = iphoneos;
				SWIFT_OPTIMIZATION_LEVEL = "-Owholemodule";
				VALIDATE_PRODUCT = YES;
			};
			name = Release;
		};
		18CFB7B31F3D96A1007145D9 /* Debug */ = {
			isa = XCBuildConfiguration;
			buildSettings = {
				ASSETCATALOG_COMPILER_APPICON_NAME = AppIcon;
				INFOPLIST_FILE = StartDateEndDatePicker/Info.plist;
				LD_RUNPATH_SEARCH_PATHS = "$(inherited) @executable_path/Frameworks";
				PRODUCT_BUNDLE_IDENTIFIER = mkumar.StartDateEndDatePicker;
				PRODUCT_NAME = "$(TARGET_NAME)";
				SWIFT_VERSION = 3.0;
			};
			name = Debug;
		};
		18CFB7B41F3D96A1007145D9 /* Release */ = {
			isa = XCBuildConfiguration;
			buildSettings = {
				ASSETCATALOG_COMPILER_APPICON_NAME = AppIcon;
				INFOPLIST_FILE = StartDateEndDatePicker/Info.plist;
				LD_RUNPATH_SEARCH_PATHS = "$(inherited) @executable_path/Frameworks";
				PRODUCT_BUNDLE_IDENTIFIER = mkumar.StartDateEndDatePicker;
				PRODUCT_NAME = "$(TARGET_NAME)";
				SWIFT_VERSION = 3.0;
			};
			name = Release;
		};
/* End XCBuildConfiguration section */

/* Begin XCConfigurationList section */
		18CFB79B1F3D96A1007145D9 /* Build configuration list for PBXProject "StartDateEndDatePicker" */ = {
			isa = XCConfigurationList;
			buildConfigurations = (
				18CFB7B01F3D96A1007145D9 /* Debug */,
				18CFB7B11F3D96A1007145D9 /* Release */,
			);
			defaultConfigurationIsVisible = 0;
			defaultConfigurationName = Release;
		};
		18CFB7B21F3D96A1007145D9 /* Build configuration list for PBXNativeTarget "StartDateEndDatePicker" */ = {
			isa = XCConfigurationList;
			buildConfigurations = (
				18CFB7B31F3D96A1007145D9 /* Debug */,
				18CFB7B41F3D96A1007145D9 /* Release */,
			);
			defaultConfigurationIsVisible = 0;
		};
/* End XCConfigurationList section */
	};
	rootObject = 18CFB7981F3D96A1007145D9 /* Project object */;
}
